
Microsoft Visual Studio Solution File, Format Version 12.00
# Visual Studio Version 17
VisualStudioVersion = 17.5.33424.131
MinimumVisualStudioVersion = 10.0.40219.1
Project("{FAE04EC0-301F-11D3-BF4B-00C04F79EFBC}") = "QuizArray.Logic", "QuizArray.Logic\QuizArray.Logic.csproj", "{4BE7FFE8-48B8-40B5-A0EE-37BB7E3A9BB4}"
EndProject
Project("{FAE04EC0-301F-11D3-BF4B-00C04F79EFBC}") = "QuizArray.UI", "QuizArray.UI\QuizArray.UI.csproj", "{4A4E7798-7E19-49F5-B4C6-1404D15485A3}"
EndProject
Global
	GlobalSection(SolutionConfigurationPlatforms) = preSolution
		Debug|Any CPU = Debug|Any CPU
		Release|Any CPU = Release|Any CPU
	EndGlobalSection
	GlobalSection(ProjectConfigurationPlatforms) = postSolution
		{4BE7FFE8-48B8-40B5-A0EE-37BB7E3A9BB4}.Debug|Any CPU.ActiveCfg = Debug|Any CPU
		{4BE7FFE8-48B8-40B5-A0EE-37BB7E3A9BB4}.Debug|Any CPU.Build.0 = Debug|Any CPU
		{4BE7FFE8-48B8-40B5-A0EE-37BB7E3A9BB4}.Release|Any CPU.ActiveCfg = Release|Any CPU
		{4BE7FFE8-48B8-40B5-A0EE-37BB7E3A9BB4}.Release|Any CPU.Build.0 = Release|Any CPU
		{4A4E7798-7E19-49F5-B4C6-1404D15485A3}.Debug|Any CPU.ActiveCfg = Debug|Any CPU
		{4A4E7798-7E19-49F5-B4C6-1404D15485A3}.Debug|Any CPU.Build.0 = Debug|Any CPU
		{4A4E7798-7E19-49F5-B4C6-1404D15485A3}.Release|Any CPU.ActiveCfg = Release|Any CPU
		{4A4E7798-7E19-49F5-B4C6-1404D15485A3}.Release|Any CPU.Build.0 = Release|Any CPU
	EndGlobalSection
	GlobalSection(SolutionProperties) = preSolution
		HideSolutionNode = FALSE
	EndGlobalSection
	GlobalSection(ExtensibilityGlobals) = postSolution
		SolutionGuid = {3B123D2B-3F33-4408-80AC-5A1A2630B155}
	EndGlobalSection
EndGlobal
